<?xml version="1.0" encoding="utf-8"?>
<Project ToolsVersion="4.0" xmlns="http://schemas.microsoft.com/developer/msbuild/2003">
  <ItemGroup>
    <ClCompile Include="Camera.cpp">
      <Filter>Source\Engine</Filter>
    </ClCompile>
    <ClCompile Include="Input.cpp">
      <Filter>Source\Engine</Filter>
    </ClCompile>
    <ClCompile Include="ShaderLoader.cpp">
      <Filter>Source\Engine</Filter>
    </ClCompile>
    <ClCompile Include="Texture.cpp">
      <Filter>Source\Engine</Filter>
    </ClCompile>
    <ClCompile Include="TextLabel.cpp">
      <Filter>Source\Engine</Filter>
    </ClCompile>
    <ClCompile Include="AudioQueue.cpp">
      <Filter>Source\Engine\Sound</Filter>
    </ClCompile>
    <ClCompile Include="AudioSound.cpp">
      <Filter>Source\Engine\Sound</Filter>
    </ClCompile>
    <ClCompile Include="GameObject.cpp">
      <Filter>Source\Engine</Filter>
    </ClCompile>
    <ClCompile Include="Mesh.cpp">
      <Filter>Source\Engine\Meshes</Filter>
    </ClCompile>
    <ClCompile Include="Mesh_Pyramid.cpp">
      <Filter>Source\Engine\Meshes</Filter>
    </ClCompile>
    <ClCompile Include="Mesh_Cube.cpp">
      <Filter>Source\Engine\Meshes</Filter>
    </ClCompile>
    <ClCompile Include="Mesh2D_Quad.cpp">
      <Filter>Source\Engine\Meshes</Filter>
    </ClCompile>
    <ClCompile Include="Mesh_Sphere.cpp">
      <Filter>Source\Engine\Meshes</Filter>
    </ClCompile>
    <ClCompile Include="TestObject.cpp">
      <Filter>Source\Engine</Filter>
    </ClCompile>
    <ClCompile Include="CubeMap.cpp">
      <Filter>Source\Engine</Filter>
    </ClCompile>
    <ClCompile Include="Mesh_Model.cpp">
      <Filter>Source\Engine\Meshes</Filter>
    </ClCompile>
    <ClCompile Include="Model.cpp">
      <Filter>Source\Engine</Filter>
    </ClCompile>
    <ClCompile Include="Skybox.cpp">
      <Filter>Source\Engine</Filter>
    </ClCompile>
    <ClCompile Include="CubeMap.cpp">
      <Filter>Source\Engine\Meshes</Filter>
    </ClCompile>
    <ClCompile Include="Skybox.cpp">
      <Filter>Source\Engine</Filter>
    </ClCompile>
    <ClCompile Include="Collider.cpp">
      <Filter>Source\Engine\Physics\Legacy\Colliders</Filter>
    </ClCompile>
    <ClCompile Include="Collider_Sphere.cpp">
      <Filter>Source\Engine\Physics\Legacy\Colliders</Filter>
    </ClCompile>
    <ClCompile Include="Collider_Box2D.cpp">
      <Filter>Source\Engine\Physics\Legacy\Colliders</Filter>
    </ClCompile>
    <ClCompile Include="UI_Button.cpp">
      <Filter>Source\Engine\UI</Filter>
    </ClCompile>
    <ClCompile Include="UI_Text.cpp">
      <Filter>Source\Engine\UI</Filter>
    </ClCompile>
    <ClCompile Include="UI_Image.cpp">
      <Filter>Source\Engine\UI</Filter>
    </ClCompile>
    <ClCompile Include="Utility.cpp">
      <Filter>Source\Engine</Filter>
    </ClCompile>
    <ClCompile Include="main.cpp">
      <Filter>Source\Angry Birds</Filter>
    </ClCompile>
    <ClCompile Include="Scene.cpp">
      <Filter>Source\Engine</Filter>
    </ClCompile>
    <ClCompile Include="GameMenu.cpp">
      <Filter>Source\Angry Birds</Filter>
    </ClCompile>
    <ClCompile Include="StartMenuScene.cpp">
      <Filter>Source\Angry Birds\Scenes</Filter>
    </ClCompile>
    <ClCompile Include="SceneManager.cpp">
      <Filter>Source\Engine</Filter>
    </ClCompile>
    <ClCompile Include="GameScene.cpp">
      <Filter>Source\Angry Birds\Scenes</Filter>
    </ClCompile>
    <ClCompile Include="AudioEngine.cpp">
      <Filter>Source\Engine\Sound</Filter>
    </ClCompile>
    <ClCompile Include="AudioSystem.cpp">
      <Filter>Source\Engine\Sound</Filter>
    </ClCompile>
    <ClCompile Include="Physics2D.cpp">
      <Filter>Source\Engine\Physics\2D</Filter>
    </ClCompile>
    <ClCompile Include="DynamicBox.cpp">
      <Filter>Source\Angry Birds</Filter>
    </ClCompile>
    <ClCompile Include="FileWriting.cpp">
      <Filter>Stash</Filter>
    </ClCompile>
    <ClCompile Include="DynamicCircle.cpp">
      <Filter>Source\Angry Birds</Filter>
    </ClCompile>
    <ClCompile Include="Application.cpp">
      <Filter>Source\Angry Birds</Filter>
    </ClCompile>
    <ClCompile Include="PhysicsBody2D.cpp">
      <Filter>Source\Engine\Physics\2D</Filter>
    </ClCompile>
    <ClCompile Include="Bird.cpp">
      <Filter>Source\Angry Birds\Birds</Filter>
    </ClCompile>
    <ClCompile Include="Catapult.cpp" />
    <ClCompile Include="YellowBird.cpp">
      <Filter>Source\Angry Birds\Birds</Filter>
    </ClCompile>
    <ClCompile Include="BigBird.cpp">
      <Filter>Source\Angry Birds\Birds</Filter>
    </ClCompile>
    <ClCompile Include="Ground.cpp">
      <Filter>Source\Angry Birds</Filter>
    </ClCompile>
    <ClCompile Include="Level1.cpp">
      <Filter>Source\Angry Birds\Scenes</Filter>
    </ClCompile>
    <ClCompile Include="Plank.cpp">
      <Filter>Source\Angry Birds\Destructable</Filter>
    </ClCompile>
    <ClCompile Include="Pig.cpp">
      <Filter>Source\Angry Birds\Destructable</Filter>
    </ClCompile>
    <ClCompile Include="Destructable.cpp" />
    <ClCompile Include="PhysicsContactListener.cpp" />
  </ItemGroup>
  <ItemGroup>
    <ClInclude Include="Camera.h">
      <Filter>Header Files\Engine</Filter>
    </ClInclude>
    <ClInclude Include="Input.h">
      <Filter>Header Files\Engine</Filter>
    </ClInclude>
    <ClInclude Include="ShaderLoader.h">
      <Filter>Header Files\Engine</Filter>
    </ClInclude>
    <ClInclude Include="Texture.h">
      <Filter>Header Files\Engine</Filter>
    </ClInclude>
    <ClInclude Include="Transform.h">
      <Filter>Header Files\Engine</Filter>
    </ClInclude>
    <ClInclude Include="TextLabel.h">
      <Filter>Header Files\Engine</Filter>
    </ClInclude>
    <ClInclude Include="AudioQueue.h">
      <Filter>Header Files\Engine\Sound</Filter>
    </ClInclude>
    <ClInclude Include="AudioSound.h">
      <Filter>Header Files\Engine\Sound</Filter>
    </ClInclude>
    <ClInclude Include="GameObject.h">
      <Filter>Header Files\Engine</Filter>
    </ClInclude>
    <ClInclude Include="Mesh.h">
      <Filter>Header Files\Engine\Meshes</Filter>
    </ClInclude>
    <ClInclude Include="Mesh_Pyramid.h">
      <Filter>Header Files\Engine\Meshes</Filter>
    </ClInclude>
    <ClInclude Include="Mesh_Cube.h">
      <Filter>Header Files\Engine\Meshes</Filter>
    </ClInclude>
    <ClInclude Include="Mesh2D_Quad.h">
      <Filter>Header Files\Engine\Meshes</Filter>
    </ClInclude>
    <ClInclude Include="Mesh_Sphere.h">
      <Filter>Header Files\Engine\Meshes</Filter>
    </ClInclude>
    <ClInclude Include="TestObject.h">
      <Filter>Header Files\Engine</Filter>
    </ClInclude>
    <ClInclude Include="CubeMap.h">
      <Filter>Header Files\Engine</Filter>
    </ClInclude>
    <ClInclude Include="Mesh_Model.h">
      <Filter>Header Files\Engine\Meshes</Filter>
    </ClInclude>
    <ClInclude Include="Model.h">
      <Filter>Header Files\Engine</Filter>
    </ClInclude>
    <ClInclude Include="Skybox.h">
      <Filter>Header Files\Engine</Filter>
    </ClInclude>
    <ClInclude Include="CubeMap.h">
      <Filter>Header Files\Engine\Meshes</Filter>
    </ClInclude>
    <ClInclude Include="Skybox.h">
      <Filter>Header Files\Engine</Filter>
    </ClInclude>
    <ClInclude Include="UI_Button.h">
      <Filter>Header Files\Engine\UI</Filter>
    </ClInclude>
    <ClInclude Include="UI_Text.h">
      <Filter>Header Files\Engine\UI</Filter>
    </ClInclude>
    <ClInclude Include="UI_Image.h">
      <Filter>Header Files\Engine\UI</Filter>
    </ClInclude>
    <ClInclude Include="Utility.h">
      <Filter>Header Files\Engine</Filter>
    </ClInclude>
    <ClInclude Include="Scene.h">
      <Filter>Header Files\Engine</Filter>
    </ClInclude>
    <ClInclude Include="GameMenu.h">
      <Filter>Header Files\Angry Birds</Filter>
    </ClInclude>
    <ClInclude Include="StartMenuScene.h">
      <Filter>Header Files\Angry Birds\Scene</Filter>
    </ClInclude>
    <ClInclude Include="SceneManager.h">
      <Filter>Header Files\Engine</Filter>
    </ClInclude>
    <ClInclude Include="GameScene.h">
      <Filter>Header Files\Angry Birds\Scene</Filter>
    </ClInclude>
    <ClInclude Include="AudioEngine.h">
      <Filter>Header Files\Engine\Sound</Filter>
    </ClInclude>
    <ClInclude Include="AudioSystem.h">
      <Filter>Header Files\Engine\Sound</Filter>
    </ClInclude>
    <ClInclude Include="Physics2D.h">
      <Filter>Header Files\Engine\Physics\2D</Filter>
    </ClInclude>
    <ClInclude Include="Collider_Box2D.h">
      <Filter>Header Files\Engine\Physics\Legacy\Colliders</Filter>
    </ClInclude>
    <ClInclude Include="Collider.h">
      <Filter>Header Files\Engine\Physics\Legacy\Colliders</Filter>
    </ClInclude>
    <ClInclude Include="Collider_Sphere.h">
      <Filter>Header Files\Engine\Physics\Legacy\Colliders</Filter>
    </ClInclude>
    <ClInclude Include="DynamicBox.h">
      <Filter>Header Files\Angry Birds</Filter>
    </ClInclude>
    <ClInclude Include="FileWriting.h">
      <Filter>Stash</Filter>
    </ClInclude>
    <ClInclude Include="DynamicCircle.h">
      <Filter>Header Files\Angry Birds</Filter>
    </ClInclude>
    <ClInclude Include="Application.h">
      <Filter>Header Files\Angry Birds</Filter>
    </ClInclude>
    <ClInclude Include="PhysicsBody2D.h">
      <Filter>Header Files\Engine\Physics\2D</Filter>
    </ClInclude>
    <ClInclude Include="Bird.h">
      <Filter>Header Files\Angry Birds\Birds</Filter>
    </ClInclude>
    <ClInclude Include="Catapult.h" />
    <ClInclude Include="YellowBird.h">
      <Filter>Header Files\Angry Birds\Birds</Filter>
    </ClInclude>
    <ClInclude Include="BigBird.h">
      <Filter>Header Files\Angry Birds\Birds</Filter>
    </ClInclude>
    <ClInclude Include="Ground.h">
      <Filter>Header Files\Angry Birds</Filter>
    </ClInclude>
    <ClInclude Include="Level1.h">
      <Filter>Header Files\Angry Birds\Scene</Filter>
    </ClInclude>
    <ClInclude Include="Pig.h">
      <Filter>Header Files\Angry Birds\Destructable</Filter>
    </ClInclude>
    <ClInclude Include="Plank.h">
      <Filter>Header Files\Angry Birds\Destructable</Filter>
    </ClInclude>
    <ClInclude Include="Destructable.h" />
  </ItemGroup>
  <ItemGroup>
    <None Include="FragmentShader.fs">
      <Filter>Resources\Shaders\Fragment</Filter>
    </None>
    <None Include="Model.fs">
      <Filter>Resources\Shaders\Fragment</Filter>
    </None>
    <None Include="Phong-FragmentShader.fs">
      <Filter>Resources\Shaders\Fragment</Filter>
    </None>
    <None Include="Reflection-FS.fs">
      <Filter>Resources\Shaders\Fragment</Filter>
    </None>
    <None Include="Rim-FragmentShader.fs">
      <Filter>Resources\Shaders\Fragment</Filter>
    </None>
    <None Include="SkyBox-FS.fs">
      <Filter>Resources\Shaders\Fragment</Filter>
    </None>
    <None Include="Text.fs">
      <Filter>Resources\Shaders\Fragment</Filter>
    </None>
    <None Include="Model.vs">
      <Filter>Resources\Shaders\Vertex</Filter>
    </None>
    <None Include="Phong-VertexShader.vs">
      <Filter>Resources\Shaders\Vertex</Filter>
    </None>
    <None Include="Reflection-VS.vs">
      <Filter>Resources\Shaders\Vertex</Filter>
    </None>
    <None Include="Rim-VertexShader.vs">
      <Filter>Resources\Shaders\Vertex</Filter>
    </None>
    <None Include="SkyBox-VS.vs">
      <Filter>Resources\Shaders\Vertex</Filter>
    </None>
    <None Include="Text.vs">
      <Filter>Resources\Shaders\Vertex</Filter>
    </None>
    <None Include="VertexShader.vs">
      <Filter>Resources\Shaders\Vertex</Filter>
    </None>
  </ItemGroup>
  <ItemGroup>
    <Filter Include="Source">
      <UniqueIdentifier>{3f566b63-878d-462c-9ff5-a9cc37d1c6a0}</UniqueIdentifier>
    </Filter>
    <Filter Include="Header Files">
      <UniqueIdentifier>{660d9068-46b2-4749-aaa8-e27141577c3c}</UniqueIdentifier>
    </Filter>
    <Filter Include="Resources">
      <UniqueIdentifier>{2dc7e093-37fb-4811-b1fa-34d60859fee0}</UniqueIdentifier>
    </Filter>
    <Filter Include="Resources\Shaders">
      <UniqueIdentifier>{008caf02-9130-4873-a94b-a262fbe8e3c0}</UniqueIdentifier>
    </Filter>
    <Filter Include="Header Files\Engine">
      <UniqueIdentifier>{7cd1a395-fd09-4f01-92cd-84cce1427189}</UniqueIdentifier>
    </Filter>
    <Filter Include="Source\Engine">
      <UniqueIdentifier>{a0314b9f-9be2-4145-8b23-16da1920251a}</UniqueIdentifier>
    </Filter>
    <Filter Include="Stash">
      <UniqueIdentifier>{ea079b85-9f6e-4521-860f-f5b29d801cd3}</UniqueIdentifier>
    </Filter>
    <Filter Include="Header Files\Engine\Sound">
      <UniqueIdentifier>{5928fcdc-27da-4dd0-9366-cae36facb191}</UniqueIdentifier>
    </Filter>
    <Filter Include="Source\Engine\Sound">
      <UniqueIdentifier>{ccb6f7c7-58e3-4b05-a9b5-7277158a1774}</UniqueIdentifier>
    </Filter>
    <Filter Include="Source\Engine\Meshes">
      <UniqueIdentifier>{cabb65a7-41f4-4ff3-85ce-63ceba7da543}</UniqueIdentifier>
    </Filter>
    <Filter Include="Header Files\Engine\Meshes">
      <UniqueIdentifier>{8708bed2-a2b0-424f-90e2-df31a6ec7449}</UniqueIdentifier>
    </Filter>
    <Filter Include="Source\Engine\UI">
      <UniqueIdentifier>{809840e1-e3dd-4c9d-bdd9-2f337f51b486}</UniqueIdentifier>
    </Filter>
    <Filter Include="Header Files\Engine\UI">
      <UniqueIdentifier>{c5d2962d-0bda-481c-bbf7-de8a75150da6}</UniqueIdentifier>
    </Filter>
    <Filter Include="Source\Engine\Physics">
      <UniqueIdentifier>{81cf2608-bf42-403e-ac1e-29cf512bdcef}</UniqueIdentifier>
    </Filter>
    <Filter Include="Header Files\Angry Birds">
      <UniqueIdentifier>{7bac1137-f9ac-45fc-a72c-f894c5d850b8}</UniqueIdentifier>
    </Filter>
    <Filter Include="Header Files\Angry Birds\Scene">
      <UniqueIdentifier>{0289ea81-6541-4317-87de-c6e02d512979}</UniqueIdentifier>
    </Filter>
    <Filter Include="Source\Angry Birds">
      <UniqueIdentifier>{6caa5520-f781-4f14-b2cb-b6ca80cd34cc}</UniqueIdentifier>
    </Filter>
    <Filter Include="Source\Angry Birds\Scenes">
      <UniqueIdentifier>{330c8296-9cf4-44ef-b91f-49b9cf45b688}</UniqueIdentifier>
    </Filter>
    <Filter Include="Header Files\Engine\Physics">
      <UniqueIdentifier>{45d0ed87-aebe-4286-99f3-4330013ce89c}</UniqueIdentifier>
    </Filter>
    <Filter Include="Header Files\Engine\Physics\2D">
      <UniqueIdentifier>{bf534182-34d4-4643-bf25-bc0208087e53}</UniqueIdentifier>
    </Filter>
    <Filter Include="Header Files\Engine\Physics\Legacy">
      <UniqueIdentifier>{d639b71b-aaf0-4a15-ad99-bc4abda34b26}</UniqueIdentifier>
    </Filter>
    <Filter Include="Header Files\Engine\Physics\Legacy\Colliders">
      <UniqueIdentifier>{e6f35242-4d87-4c0b-b8cb-ee73e81118a6}</UniqueIdentifier>
    </Filter>
    <Filter Include="Source\Engine\Physics\2D">
      <UniqueIdentifier>{54738b0a-97b8-473f-b162-603dfaf9c698}</UniqueIdentifier>
    </Filter>
    <Filter Include="Source\Engine\Physics\Legacy">
      <UniqueIdentifier>{5d828cd2-c699-4903-9936-1fcadfd4c292}</UniqueIdentifier>
    </Filter>
    <Filter Include="Source\Engine\Physics\Legacy\Colliders">
      <UniqueIdentifier>{3d8f2dc9-8a7b-4a45-9bd3-134a94bdb5bd}</UniqueIdentifier>
    </Filter>
    <Filter Include="Resources\Shaders\Vertex">
      <UniqueIdentifier>{b9b286f2-61a8-4de9-84e9-48b1e61d9cf6}</UniqueIdentifier>
    </Filter>
    <Filter Include="Resources\Shaders\Fragment">
      <UniqueIdentifier>{5d6ec662-e95b-466c-be42-cdbfbd214bd7}</UniqueIdentifier>
    </Filter>
    <Filter Include="Header Files\Angry Birds\Birds">
      <UniqueIdentifier>{e1cc4be3-d47d-4142-b547-15569423bc80}</UniqueIdentifier>
    </Filter>
    <Filter Include="Source\Angry Birds\Birds">
      <UniqueIdentifier>{2a8895f1-a912-4c0b-a170-50c8ca4b1cb6}</UniqueIdentifier>
    </Filter>
    <Filter Include="Header Files\Angry Birds\Destructable">
      <UniqueIdentifier>{7d0dbe79-fa43-4df2-a86c-68ed55053644}</UniqueIdentifier>
    </Filter>
    <Filter Include="Source\Angry Birds\Destructable">
      <UniqueIdentifier>{a88ed0a8-82da-4ed2-a661-5f79e713a423}</UniqueIdentifier>
    </Filter>
  </ItemGroup>
</Project>